
Microsoft Visual Studio Solution File, Format Version 12.00
# Visual Studio 2013
VisualStudioVersion = 12.0.30723.0
MinimumVisualStudioVersion = 10.0.40219.1
Project("{FAE04EC0-301F-11D3-BF4B-00C04F79EFBC}") = "PEETS", "PEETS\PEETS.csproj", "{69BE84C9-33CC-40E8-B456-20EFCC969532}"
EndProject
Project("{FAE04EC0-301F-11D3-BF4B-00C04F79EFBC}") = "PEETS.Tests", "PEETS.Tests\PEETS.Tests.csproj", "{021CE96D-00CD-4128-93E6-D7DD55BE7FEE}"
EndProject
Global
	GlobalSection(SolutionConfigurationPlatforms) = preSolution
		Debug|Any CPU = Debug|Any CPU
		Release|Any CPU = Release|Any CPU
	EndGlobalSection
	GlobalSection(ProjectConfigurationPlatforms) = postSolution
		{69BE84C9-33CC-40E8-B456-20EFCC969532}.Debug|Any CPU.ActiveCfg = Debug|Any CPU
		{69BE84C9-33CC-40E8-B456-20EFCC969532}.Debug|Any CPU.Build.0 = Debug|Any CPU
		{69BE84C9-33CC-40E8-B456-20EFCC969532}.Release|Any CPU.ActiveCfg = Release|Any CPU
		{69BE84C9-33CC-40E8-B456-20EFCC969532}.Release|Any CPU.Build.0 = Release|Any CPU
		{021CE96D-00CD-4128-93E6-D7DD55BE7FEE}.Debug|Any CPU.ActiveCfg = Debug|Any CPU
		{021CE96D-00CD-4128-93E6-D7DD55BE7FEE}.Debug|Any CPU.Build.0 = Debug|Any CPU
		{021CE96D-00CD-4128-93E6-D7DD55BE7FEE}.Release|Any CPU.ActiveCfg = Release|Any CPU
		{021CE96D-00CD-4128-93E6-D7DD55BE7FEE}.Release|Any CPU.Build.0 = Release|Any CPU
	EndGlobalSection
	GlobalSection(SolutionProperties) = preSolution
		HideSolutionNode = FALSE
	EndGlobalSection
	GlobalSection(ExtensibilityGlobals) = postSolution
		VisualSVNWorkingCopyRoot = .
	EndGlobalSection
EndGlobal
